// !$*UTF8*$!
{
	archiveVersion = 1;
	classes = {
	};
	objectVersion = 46;
	objects = {

/* Begin PBXBuildFile section */
		696087131F22F9B8007A14B7 /* Example.cpp in Sources */ = {isa = PBXBuildFile; fileRef = 6960870C1F22F9B8007A14B7 /* Example.cpp */; };
		696087141F22F9B8007A14B7 /* Example1.cpp in Sources */ = {isa = PBXBuildFile; fileRef = 6960870E1F22F9B8007A14B7 /* Example1.cpp */; };
		696087151F22F9B8007A14B7 /* Example2.cpp in Sources */ = {isa = PBXBuildFile; fileRef = 6960870F1F22F9B8007A14B7 /* Example2.cpp */; };
		696087161F22F9B8007A14B7 /* Example3.cpp in Sources */ = {isa = PBXBuildFile; fileRef = 696087101F22F9B8007A14B7 /* Example3.cpp */; };
		696087171F22F9B8007A14B7 /* Example4.cpp in Sources */ = {isa = PBXBuildFile; fileRef = 696087111F22F9B8007A14B7 /* Example4.cpp */; };
/* End PBXBuildFile section */

/* Begin PBXCopyFilesBuildPhase section */
		696087001F22F8D5007A14B7 /* CopyFiles */ = {
			isa = PBXCopyFilesBuildPhase;
			buildActionMask = 2147483647;
			dstPath = /usr/share/man/man1/;
			dstSubfolderSpec = 0;
			files = (
			);
			runOnlyForDeploymentPostprocessing = 1;
		};
/* End PBXCopyFilesBuildPhase section */

/* Begin PBXFileReference section */
		696087021F22F8D5007A14B7 /* DebugTraceExample */ = {isa = PBXFileReference; explicitFileType = "compiled.mach-o.executable"; includeInIndex = 0; path = DebugTraceExample; sourceTree = BUILT_PRODUCTS_DIR; };
		6960870C1F22F9B8007A14B7 /* Example.cpp */ = {isa = PBXFileReference; fileEncoding = 4; lastKnownFileType = sourcecode.cpp.cpp; name = Example.cpp; path = src/Example.cpp; sourceTree = "<group>"; };
		6960870D1F22F9B8007A14B7 /* Example.hpp */ = {isa = PBXFileReference; fileEncoding = 4; lastKnownFileType = sourcecode.cpp.h; name = Example.hpp; path = src/Example.hpp; sourceTree = "<group>"; };
		6960870E1F22F9B8007A14B7 /* Example1.cpp */ = {isa = PBXFileReference; fileEncoding = 4; lastKnownFileType = sourcecode.cpp.cpp; name = Example1.cpp; path = src/Example1.cpp; sourceTree = "<group>"; };
		6960870F1F22F9B8007A14B7 /* Example2.cpp */ = {isa = PBXFileReference; fileEncoding = 4; lastKnownFileType = sourcecode.cpp.cpp; name = Example2.cpp; path = src/Example2.cpp; sourceTree = "<group>"; };
		696087101F22F9B8007A14B7 /* Example3.cpp */ = {isa = PBXFileReference; fileEncoding = 4; lastKnownFileType = sourcecode.cpp.cpp; name = Example3.cpp; path = src/Example3.cpp; sourceTree = "<group>"; };
		696087111F22F9B8007A14B7 /* Example4.cpp */ = {isa = PBXFileReference; fileEncoding = 4; lastKnownFileType = sourcecode.cpp.cpp; name = Example4.cpp; path = src/Example4.cpp; sourceTree = "<group>"; };
		696087121F22F9B8007A14B7 /* stdafx.h */ = {isa = PBXFileReference; fileEncoding = 4; lastKnownFileType = sourcecode.c.h; name = stdafx.h; path = src/stdafx.h; sourceTree = "<group>"; };
/* End PBXFileReference section */

/* Begin PBXFrameworksBuildPhase section */
		696086FF1F22F8D5007A14B7 /* Frameworks */ = {
			isa = PBXFrameworksBuildPhase;
			buildActionMask = 2147483647;
			files = (
			);
			runOnlyForDeploymentPostprocessing = 0;
		};
/* End PBXFrameworksBuildPhase section */

/* Begin PBXGroup section */
		696086F91F22F8D5007A14B7 = {
			isa = PBXGroup;
			children = (
				696087181F22F9C3007A14B7 /* src */,
				696087041F22F8D5007A14B7 /* DebugTraceExample */,
				696087031F22F8D5007A14B7 /* Products */,
			);
			sourceTree = "<group>";
		};
		696087031F22F8D5007A14B7 /* Products */ = {
			isa = PBXGroup;
			children = (
				696087021F22F8D5007A14B7 /* DebugTraceExample */,
			);
			name = Products;
			sourceTree = "<group>";
		};
		696087041F22F8D5007A14B7 /* DebugTraceExample */ = {
			isa = PBXGroup;
			children = (
			);
			path = DebugTraceExample;
			sourceTree = "<group>";
		};
		696087181F22F9C3007A14B7 /* src */ = {
			isa = PBXGroup;
			children = (
				6960870C1F22F9B8007A14B7 /* Example.cpp */,
				6960870D1F22F9B8007A14B7 /* Example.hpp */,
				6960870E1F22F9B8007A14B7 /* Example1.cpp */,
				6960870F1F22F9B8007A14B7 /* Example2.cpp */,
				696087101F22F9B8007A14B7 /* Example3.cpp */,
				696087111F22F9B8007A14B7 /* Example4.cpp */,
				696087121F22F9B8007A14B7 /* stdafx.h */,
			);
			name = src;
			sourceTree = "<group>";
		};
/* End PBXGroup section */

/* Begin PBXNativeTarget section */
		696087011F22F8D5007A14B7 /* DebugTraceExample */ = {
			isa = PBXNativeTarget;
			buildConfigurationList = 696087091F22F8D5007A14B7 /* Build configuration list for PBXNativeTarget "DebugTraceExample" */;
			buildPhases = (
				696086FE1F22F8D5007A14B7 /* Sources */,
				696086FF1F22F8D5007A14B7 /* Frameworks */,
				696087001F22F8D5007A14B7 /* CopyFiles */,
			);
			buildRules = (
			);
			dependencies = (
			);
			name = DebugTraceExample;
			productName = DebugTraceExample;
			productReference = 696087021F22F8D5007A14B7 /* DebugTraceExample */;
			productType = "com.apple.product-type.tool";
		};
/* End PBXNativeTarget section */

/* Begin PBXProject section */
		696086FA1F22F8D5007A14B7 /* Project object */ = {
			isa = PBXProject;
			attributes = {
				LastUpgradeCheck = 0830;
				ORGANIZATIONNAME = "Masato Kokubo";
				TargetAttributes = {
					696087011F22F8D5007A14B7 = {
						CreatedOnToolsVersion = 8.3.3;
						ProvisioningStyle = Automatic;
					};
				};
			};
			buildConfigurationList = 696086FD1F22F8D5007A14B7 /* Build configuration list for PBXProject "DebugTraceExample" */;
			compatibilityVersion = "Xcode 3.2";
			developmentRegion = English;
			hasScannedForEncodings = 0;
			knownRegions = (
				English,
				en,
			);
			mainGroup = 696086F91F22F8D5007A14B7;
			productRefGroup = 696087031F22F8D5007A14B7 /* Products */;
			projectDirPath = "";
			projectRoot = "";
			targets = (
				696087011F22F8D5007A14B7 /* DebugTraceExample */,
			);
		};
/* End PBXProject section */

/* Begin PBXSourcesBuildPhase section */
		696086FE1F22F8D5007A14B7 /* Sources */ = {
			isa = PBXSourcesBuildPhase;
			buildActionMask = 2147483647;
			files = (
				696087171F22F9B8007A14B7 /* Example4.cpp in Sources */,
				696087161F22F9B8007A14B7 /* Example3.cpp in Sources */,
				696087141F22F9B8007A14B7 /* Example1.cpp in Sources */,
				696087151F22F9B8007A14B7 /* Example2.cpp in Sources */,
				696087131F22F9B8007A14B7 /* Example.cpp in Sources */,
			);
			runOnlyForDeploymentPostprocessing = 0;
		};
/* End PBXSourcesBuildPhase section */

/* Begin XCBuildConfiguration section */
		696087071F22F8D5007A14B7 /* Debug */ = {
			isa = XCBuildConfiguration;
			buildSettings = {
				ALWAYS_SEARCH_USER_PATHS = NO;
				CLANG_ANALYZER_NONNULL = YES;
				CLANG_ANALYZER_NUMBER_OBJECT_CONVERSION = YES_AGGRESSIVE;
				CLANG_CXX_LANGUAGE_STANDARD = "c++17";
				CLANG_CXX_LIBRARY = "libc++";
				CLANG_ENABLE_MODULES = YES;
				CLANG_ENABLE_OBJC_ARC = YES;
				CLANG_WARN_BOOL_CONVERSION = YES;
				CLANG_WARN_CONSTANT_CONVERSION = YES;
				CLANG_WARN_DIRECT_OBJC_ISA_USAGE = YES_ERROR;
				CLANG_WARN_DOCUMENTATION_COMMENTS = YES;
				CLANG_WARN_EMPTY_BODY = YES;
				CLANG_WARN_ENUM_CONVERSION = YES;
				CLANG_WARN_INFINITE_RECURSION = YES;
				CLANG_WARN_INT_CONVERSION = YES;
				CLANG_WARN_OBJC_ROOT_CLASS = YES_ERROR;
				CLANG_WARN_SUSPICIOUS_MOVE = YES;
				CLANG_WARN_UNREACHABLE_CODE = YES;
				CLANG_WARN__DUPLICATE_METHOD_MATCH = YES;
				CODE_SIGN_IDENTITY = "-";
				COPY_PHASE_STRIP = NO;
				DEBUG_INFORMATION_FORMAT = dwarf;
				ENABLE_STRICT_OBJC_MSGSEND = YES;
				ENABLE_TESTABILITY = YES;
				GCC_C_LANGUAGE_STANDARD = c11;
				GCC_DYNAMIC_NO_PIC = NO;
				GCC_NO_COMMON_BLOCKS = YES;
				GCC_OPTIMIZATION_LEVEL = 0;
				GCC_PREPROCESSOR_DEFINITIONS = (
					"DEBUG=1",
					"$(inherited)",
				);
				GCC_WARN_64_TO_32_BIT_CONVERSION = YES;
				GCC_WARN_ABOUT_RETURN_TYPE = YES_ERROR;
				GCC_WARN_UNDECLARED_SELECTOR = YES;
				GCC_WARN_UNINITIALIZED_AUTOS = YES_AGGRESSIVE;
				GCC_WARN_UNUSED_FUNCTION = YES;
				GCC_WARN_UNUSED_VARIABLE = YES;
				HEADER_SEARCH_PATHS = ../../../include;
				MACOSX_DEPLOYMENT_TARGET = 10.12;
				MTL_ENABLE_DEBUG_INFO = YES;
				ONLY_ACTIVE_ARCH = YES;
				SDKROOT = macosx;
				STRINGS_FILE_OUTPUT_ENCODING = "UTF-8";
			};
			name = Debug;
		};
		696087081F22F8D5007A14B7 /* Release */ = {
			isa = XCBuildConfiguration;
			buildSettings = {
				ALWAYS_SEARCH_USER_PATHS = NO;
				CLANG_ANALYZER_NONNULL = YES;
				CLANG_ANALYZER_NUMBER_OBJECT_CONVERSION = YES_AGGRESSIVE;
				CLANG_CXX_LANGUAGE_STANDARD = "c++17";
				CLANG_CXX_LIBRARY = "libc++";
				CLANG_ENABLE_MODULES = YES;
				CLANG_ENABLE_OBJC_ARC = YES;
				CLANG_WARN_BOOL_CONVERSION = YES;
				CLANG_WARN_CONSTANT_CONVERSION = YES;
				CLANG_WARN_DIRECT_OBJC_ISA_USAGE = YES_ERROR;
				CLANG_WARN_DOCUMENTATION_COMMENTS = YES;
				CLANG_WARN_EMPTY_BODY = YES;
				CLANG_WARN_ENUM_CONVERSION = YES;
				CLANG_WARN_INFINITE_RECURSION = YES;
				CLANG_WARN_INT_CONVERSION = YES;
				CLANG_WARN_OBJC_ROOT_CLASS = YES_ERROR;
				CLANG_WARN_SUSPICIOUS_MOVE = YES;
				CLANG_WARN_UNREACHABLE_CODE = YES;
				CLANG_WARN__DUPLICATE_METHOD_MATCH = YES;
				CODE_SIGN_IDENTITY = "-";
				COPY_PHASE_STRIP = NO;
				DEBUG_INFORMATION_FORMAT = "dwarf-with-dsym";
				ENABLE_NS_ASSERTIONS = NO;
				ENABLE_STRICT_OBJC_MSGSEND = YES;
				GCC_C_LANGUAGE_STANDARD = c11;
				GCC_NO_COMMON_BLOCKS = YES;
				GCC_WARN_64_TO_32_BIT_CONVERSION = YES;
				GCC_WARN_ABOUT_RETURN_TYPE = YES_ERROR;
				GCC_WARN_UNDECLARED_SELECTOR = YES;
				GCC_WARN_UNINITIALIZED_AUTOS = YES_AGGRESSIVE;
				GCC_WARN_UNUSED_FUNCTION = YES;
				GCC_WARN_UNUSED_VARIABLE = YES;
				HEADER_SEARCH_PATHS = ../../../include;
				MACOSX_DEPLOYMENT_TARGET = 10.12;
				MTL_ENABLE_DEBUG_INFO = NO;
				SDKROOT = macosx;
				STRINGS_FILE_OUTPUT_ENCODING = "UTF-8";
			};
			name = Release;
		};
		6960870A1F22F8D5007A14B7 /* Debug */ = {
			isa = XCBuildConfiguration;
			buildSettings = {
				MACOSX_DEPLOYMENT_TARGET = 10.12;
				PRODUCT_NAME = "$(TARGET_NAME)";
			};
			name = Debug;
		};
		6960870B1F22F8D5007A14B7 /* Release */ = {
			isa = XCBuildConfiguration;
			buildSettings = {
				MACOSX_DEPLOYMENT_TARGET = 10.12;
				PRODUCT_NAME = "$(TARGET_NAME)";
			};
			name = Release;
		};
/* End XCBuildConfiguration section */

/* Begin XCConfigurationList section */
		696086FD1F22F8D5007A14B7 /* Build configuration list for PBXProject "DebugTraceExample" */ = {
			isa = XCConfigurationList;
			buildConfigurations = (
				696087071F22F8D5007A14B7 /* Debug */,
				696087081F22F8D5007A14B7 /* Release */,
			);
			defaultConfigurationIsVisible = 0;
			defaultConfigurationName = Debug;
		};
		696087091F22F8D5007A14B7 /* Build configuration list for PBXNativeTarget "DebugTraceExample" */ = {
			isa = XCConfigurationList;
			buildConfigurations = (
				6960870A1F22F8D5007A14B7 /* Debug */,
				6960870B1F22F8D5007A14B7 /* Release */,
			);
			defaultConfigurationIsVisible = 0;
			defaultConfigurationName = Debug;
		};
/* End XCConfigurationList section */
	};
	rootObject = 696086FA1F22F8D5007A14B7 /* Project object */;
}
